
Microsoft Visual Studio Solution File, Format Version 12.00
# Visual Studio Version 17
VisualStudioVersion = 17.11.35222.181
MinimumVisualStudioVersion = 10.0.40219.1
Project("{FAE04EC0-301F-11D3-BF4B-00C04F79EFBC}") = "metodologiasProg_1", "metodologiasProg_1\metodologiasProg_1.csproj", "{60D0F71E-4CCD-469A-A450-D33BE8D92F73}"
EndProject
Global
	GlobalSection(SolutionConfigurationPlatforms) = preSolution
		Debug|Any CPU = Debug|Any CPU
		Release|Any CPU = Release|Any CPU
	EndGlobalSection
	GlobalSection(ProjectConfigurationPlatforms) = postSolution
		{60D0F71E-4CCD-469A-A450-D33BE8D92F73}.Debug|Any CPU.ActiveCfg = Debug|Any CPU
		{60D0F71E-4CCD-469A-A450-D33BE8D92F73}.Debug|Any CPU.Build.0 = Debug|Any CPU
		{60D0F71E-4CCD-469A-A450-D33BE8D92F73}.Release|Any CPU.ActiveCfg = Release|Any CPU
		{60D0F71E-4CCD-469A-A450-D33BE8D92F73}.Release|Any CPU.Build.0 = Release|Any CPU
	EndGlobalSection
	GlobalSection(SolutionProperties) = preSolution
		HideSolutionNode = FALSE
	EndGlobalSection
	GlobalSection(ExtensibilityGlobals) = postSolution
		SolutionGuid = {92F2D20C-F965-490B-B18C-FFDEE4838A21}
	EndGlobalSection
EndGlobal
